
Microsoft Visual Studio Solution File, Format Version 12.00
# Visual Studio 15
VisualStudioVersion = 15.0.27130.2010
MinimumVisualStudioVersion = 10.0.40219.1
Project("{FAE04EC0-301F-11D3-BF4B-00C04F79EFBC}") = "MVCLogin", "MVCLogin\MVCLogin.csproj", "{041D6771-242E-4673-8604-11364B722B90}"
EndProject
Global
	GlobalSection(SolutionConfigurationPlatforms) = preSolution
		Debug|Any CPU = Debug|Any CPU
		Release|Any CPU = Release|Any CPU
	EndGlobalSection
	GlobalSection(ProjectConfigurationPlatforms) = postSolution
		{041D6771-242E-4673-8604-11364B722B90}.Debug|Any CPU.ActiveCfg = Debug|Any CPU
		{041D6771-242E-4673-8604-11364B722B90}.Debug|Any CPU.Build.0 = Debug|Any CPU
		{041D6771-242E-4673-8604-11364B722B90}.Release|Any CPU.ActiveCfg = Release|Any CPU
		{041D6771-242E-4673-8604-11364B722B90}.Release|Any CPU.Build.0 = Release|Any CPU
	EndGlobalSection
	GlobalSection(SolutionProperties) = preSolution
		HideSolutionNode = FALSE
	EndGlobalSection
	GlobalSection(ExtensibilityGlobals) = postSolution
		SolutionGuid = {29841B63-3041-4E0D-8F05-9EB4FCD658A6}
	EndGlobalSection
EndGlobal
